
Microsoft Visual Studio Solution File, Format Version 12.00
# Visual Studio Version 16
VisualStudioVersion = 16.0.29613.14
MinimumVisualStudioVersion = 10.0.40219.1
Project("{8BC9CEB8-8B4A-11D0-8D11-00A0C91BC942}") = "MarioFernandes_SDL", "MarioFernandes_SDL.vcxproj", "{37805990-2A9A-4E86-AA08-5D8B9FC5966B}"
EndProject
Global
	GlobalSection(SolutionConfigurationPlatforms) = preSolution
		Debug|x64 = Debug|x64
		Debug|x86 = Debug|x86
		Release|x64 = Release|x64
		Release|x86 = Release|x86
	EndGlobalSection
	GlobalSection(ProjectConfigurationPlatforms) = postSolution
		{37805990-2A9A-4E86-AA08-5D8B9FC5966B}.Debug|x64.ActiveCfg = Debug|x64
		{37805990-2A9A-4E86-AA08-5D8B9FC5966B}.Debug|x64.Build.0 = Debug|x64
		{37805990-2A9A-4E86-AA08-5D8B9FC5966B}.Debug|x86.ActiveCfg = Debug|Win32
		{37805990-2A9A-4E86-AA08-5D8B9FC5966B}.Debug|x86.Build.0 = Debug|Win32
		{37805990-2A9A-4E86-AA08-5D8B9FC5966B}.Release|x64.ActiveCfg = Release|x64
		{37805990-2A9A-4E86-AA08-5D8B9FC5966B}.Release|x64.Build.0 = Release|x64
		{37805990-2A9A-4E86-AA08-5D8B9FC5966B}.Release|x86.ActiveCfg = Release|Win32
		{37805990-2A9A-4E86-AA08-5D8B9FC5966B}.Release|x86.Build.0 = Release|Win32
	EndGlobalSection
	GlobalSection(SolutionProperties) = preSolution
		HideSolutionNode = FALSE
	EndGlobalSection
	GlobalSection(ExtensibilityGlobals) = postSolution
		SolutionGuid = {8AA86AC0-AEE5-4714-911D-9343214207BC}
	EndGlobalSection
EndGlobal
